
Microsoft Visual Studio Solution File, Format Version 12.00
# Visual Studio 15
VisualStudioVersion = 15.0.28307.421
MinimumVisualStudioVersion = 10.0.40219.1
Project("{FAE04EC0-301F-11D3-BF4B-00C04F79EFBC}") = "tweeter-data-crawl", "tweeter-data-crawl\tweeter-data-crawl.csproj", "{26A16173-0345-4E1F-8DE2-9E22A43D6738}"
EndProject
Global
	GlobalSection(SolutionConfigurationPlatforms) = preSolution
		Debug|Any CPU = Debug|Any CPU
		Release|Any CPU = Release|Any CPU
	EndGlobalSection
	GlobalSection(ProjectConfigurationPlatforms) = postSolution
		{26A16173-0345-4E1F-8DE2-9E22A43D6738}.Debug|Any CPU.ActiveCfg = Debug|Any CPU
		{26A16173-0345-4E1F-8DE2-9E22A43D6738}.Debug|Any CPU.Build.0 = Debug|Any CPU
		{26A16173-0345-4E1F-8DE2-9E22A43D6738}.Release|Any CPU.ActiveCfg = Release|Any CPU
		{26A16173-0345-4E1F-8DE2-9E22A43D6738}.Release|Any CPU.Build.0 = Release|Any CPU
	EndGlobalSection
	GlobalSection(SolutionProperties) = preSolution
		HideSolutionNode = FALSE
	EndGlobalSection
	GlobalSection(ExtensibilityGlobals) = postSolution
		SolutionGuid = {5CDBF076-9F67-4EF4-8263-4135346979FE}
	EndGlobalSection
EndGlobal
